
Microsoft Visual Studio Solution File, Format Version 11.00
# Visual Studio 2010
Project("{FAE04EC0-301F-11D3-BF4B-00C04F79EFBC}") = "Daydream Test RenderImg", "Assembly-CSharp.csproj", "{9739A4A7-1969-2CD4-D070-1D3B05D8F6E3}"
EndProject
Project("{FAE04EC0-301F-11D3-BF4B-00C04F79EFBC}") = "Daydream Test RenderImg", "Assembly-CSharp-Editor.csproj", "{9C0F0B09-76B7-CDEF-9D17-A263F7CC1855}"
EndProject
Global
	GlobalSection(SolutionConfigurationPlatforms) = preSolution
		Debug|Any CPU = Debug|Any CPU
		Release|Any CPU = Release|Any CPU
	EndGlobalSection
	GlobalSection(ProjectConfigurationPlatforms) = postSolution
		{9739A4A7-1969-2CD4-D070-1D3B05D8F6E3}.Debug|Any CPU.ActiveCfg = Debug|Any CPU
		{9739A4A7-1969-2CD4-D070-1D3B05D8F6E3}.Debug|Any CPU.Build.0 = Debug|Any CPU
		{9739A4A7-1969-2CD4-D070-1D3B05D8F6E3}.Release|Any CPU.ActiveCfg = Release|Any CPU
		{9739A4A7-1969-2CD4-D070-1D3B05D8F6E3}.Release|Any CPU.Build.0 = Release|Any CPU
		{9C0F0B09-76B7-CDEF-9D17-A263F7CC1855}.Debug|Any CPU.ActiveCfg = Debug|Any CPU
		{9C0F0B09-76B7-CDEF-9D17-A263F7CC1855}.Debug|Any CPU.Build.0 = Debug|Any CPU
		{9C0F0B09-76B7-CDEF-9D17-A263F7CC1855}.Release|Any CPU.ActiveCfg = Release|Any CPU
		{9C0F0B09-76B7-CDEF-9D17-A263F7CC1855}.Release|Any CPU.Build.0 = Release|Any CPU
	EndGlobalSection
	GlobalSection(SolutionProperties) = preSolution
		HideSolutionNode = FALSE
	EndGlobalSection
	GlobalSection(MonoDevelopProperties) = preSolution
		StartupItem = Assembly-CSharp.csproj
	EndGlobalSection
EndGlobal
